
Microsoft Visual Studio Solution File, Format Version 12.00
# Visual Studio 15
VisualStudioVersion = 15.0.27130.2027
MinimumVisualStudioVersion = 10.0.40219.1
Project("{9A19103F-16F7-4668-BE54-9A1E7A4F7556}") = "EmailSender", "EmailSender\EmailSender.csproj", "{B92423E1-6210-4B03-B902-011C3C9585B4}"
EndProject
Global
	GlobalSection(SolutionConfigurationPlatforms) = preSolution
		Debug|Any CPU = Debug|Any CPU
		Release|Any CPU = Release|Any CPU
	EndGlobalSection
	GlobalSection(ProjectConfigurationPlatforms) = postSolution
		{B92423E1-6210-4B03-B902-011C3C9585B4}.Debug|Any CPU.ActiveCfg = Debug|Any CPU
		{B92423E1-6210-4B03-B902-011C3C9585B4}.Debug|Any CPU.Build.0 = Debug|Any CPU
		{B92423E1-6210-4B03-B902-011C3C9585B4}.Release|Any CPU.ActiveCfg = Release|Any CPU
		{B92423E1-6210-4B03-B902-011C3C9585B4}.Release|Any CPU.Build.0 = Release|Any CPU
	EndGlobalSection
	GlobalSection(SolutionProperties) = preSolution
		HideSolutionNode = FALSE
	EndGlobalSection
	GlobalSection(ExtensibilityGlobals) = postSolution
		SolutionGuid = {3FCE0FDC-7954-4510-A959-50332548D2C2}
	EndGlobalSection
EndGlobal
